<?xml version="1.0" encoding="utf-8"?>
<Project ToolsVersion="4.0" xmlns="http://schemas.microsoft.com/developer/msbuild/2003">
  <ItemGroup>
    <Filter Include="소스 파일">
      <UniqueIdentifier>{4FC737F1-C7A5-4376-A066-2A32D752A2FF}</UniqueIdentifier>
      <Extensions>cpp;c;cc;cxx;c++;cppm;ixx;def;odl;idl;hpj;bat;asm;asmx</Extensions>
    </Filter>
    <Filter Include="헤더 파일">
      <UniqueIdentifier>{93995380-89BD-4b04-88EB-625FBE52EBFB}</UniqueIdentifier>
      <Extensions>h;hh;hpp;hxx;h++;hm;inl;inc;ipp;xsd</Extensions>
    </Filter>
    <Filter Include="리소스 파일">
      <UniqueIdentifier>{67DA6AB6-F800-4c08-8B7A-83BB121AAD01}</UniqueIdentifier>
      <Extensions>rc;ico;cur;bmp;dlg;rc2;rct;bin;rgs;gif;jpg;jpeg;jpe;resx;tiff;tif;png;wav;mfcribbon-ms</Extensions>
    </Filter>
  </ItemGroup>
  <ItemGroup>
    <ClCompile Include="main.cpp">
      <Filter>소스 파일</Filter>
    </ClCompile>
    <ClCompile Include="SignUp.cpp">
      <Filter>소스 파일</Filter>
    </ClCompile>
    <ClCompile Include="User.cpp">
      <Filter>소스 파일</Filter>
    </ClCompile>
    <ClCompile Include="UserList.cpp">
      <Filter>소스 파일</Filter>
    </ClCompile>
    <ClCompile Include="SignUpUI.cpp">
      <Filter>소스 파일</Filter>
    </ClCompile>
    <ClCompile Include="Login.cpp">
      <Filter>소스 파일</Filter>
    </ClCompile>
    <ClCompile Include="LoginUI.cpp">
      <Filter>소스 파일</Filter>
    </ClCompile>
    <ClCompile Include="Logout.cpp">
      <Filter>소스 파일</Filter>
    </ClCompile>
    <ClCompile Include="LogoutUI.cpp">
      <Filter>소스 파일</Filter>
    </ClCompile>
    <ClCompile Include="SearchClothingUI.cpp">
      <Filter>소스 파일</Filter>
    </ClCompile>
    <ClCompile Include="SearchClothing.cpp">
      <Filter>소스 파일</Filter>
    </ClCompile>
    <ClCompile Include="ClothingProductList.cpp">
      <Filter>소스 파일</Filter>
    </ClCompile>
    <ClCompile Include="RegisterSalesClothingUI.cpp">
      <Filter>소스 파일</Filter>
    </ClCompile>
    <ClCompile Include="RegisterSalesClothing.cpp">
      <Filter>소스 파일</Filter>
    </ClCompile>
    <ClCompile Include="PrintProductSalesStatisticsUI.cpp">
      <Filter>소스 파일</Filter>
    </ClCompile>
    <ClCompile Include="PrintProductSalesStatistics.cpp">
      <Filter>소스 파일</Filter>
    </ClCompile>
    <ClCompile Include="InquireSoldOutClothingUI.cpp">
      <Filter>소스 파일</Filter>
    </ClCompile>
    <ClCompile Include="InquireSoldOutClothing.cpp">
      <Filter>소스 파일</Filter>
    </ClCompile>
    <ClCompile Include="InquireSalesClothingUI.cpp">
      <Filter>소스 파일</Filter>
    </ClCompile>
    <ClCompile Include="InquireSalesClothing.cpp">
      <Filter>소스 파일</Filter>
    </ClCompile>
    <ClCompile Include="ClothingProductData.cpp">
      <Filter>소스 파일</Filter>
    </ClCompile>
    <ClCompile Include="PurchaseClothing.cpp">
      <Filter>소스 파일</Filter>
    </ClCompile>
    <ClCompile Include="PurchaseClothingUI.cpp">
      <Filter>소스 파일</Filter>
    </ClCompile>
    <ClCompile Include="InquirePurchaseClothing.cpp">
      <Filter>소스 파일</Filter>
    </ClCompile>
    <ClCompile Include="InquirePurchaseClothingUI.cpp">
      <Filter>소스 파일</Filter>
    </ClCompile>
    <ClCompile Include="SatisfactionAssessmentUI.cpp">
      <Filter>소스 파일</Filter>
    </ClCompile>
    <ClCompile Include="SatisfactionAssessment.cpp">
      <Filter>소스 파일</Filter>
    </ClCompile>
    <ClCompile Include="Withdrawal.cpp">
      <Filter>소스 파일</Filter>
    </ClCompile>
    <ClCompile Include="WithdrawalUI.cpp">
      <Filter>소스 파일</Filter>
    </ClCompile>
  </ItemGroup>
  <ItemGroup>
    <ClInclude Include="SignUp.h">
      <Filter>헤더 파일</Filter>
    </ClInclude>
    <ClInclude Include="User.h">
      <Filter>헤더 파일</Filter>
    </ClInclude>
    <ClInclude Include="UserList.h">
      <Filter>헤더 파일</Filter>
    </ClInclude>
    <ClInclude Include="SignUpUI.h">
      <Filter>헤더 파일</Filter>
    </ClInclude>
    <ClInclude Include="Login.h">
      <Filter>헤더 파일</Filter>
    </ClInclude>
    <ClInclude Include="LoginUI.h">
      <Filter>헤더 파일</Filter>
    </ClInclude>
    <ClInclude Include="Logout.h">
      <Filter>헤더 파일</Filter>
    </ClInclude>
    <ClInclude Include="LogoutUI.h">
      <Filter>헤더 파일</Filter>
    </ClInclude>
    <ClInclude Include="SearchClothingUI.h">
      <Filter>헤더 파일</Filter>
    </ClInclude>
    <ClInclude Include="SearchClothing.h">
      <Filter>헤더 파일</Filter>
    </ClInclude>
    <ClInclude Include="ClothingProductList.h">
      <Filter>헤더 파일</Filter>
    </ClInclude>
    <ClInclude Include="SatisfactionAssessmentUI.h">
      <Filter>헤더 파일</Filter>
    </ClInclude>
    <ClInclude Include="SatisfactionAssessment.h">
      <Filter>헤더 파일</Filter>
    </ClInclude>
    <ClInclude Include="InquirePurchaseClothingUI.h">
      <Filter>헤더 파일</Filter>
    </ClInclude>
    <ClInclude Include="InquirePurchaseClothing.h">
      <Filter>헤더 파일</Filter>
    </ClInclude>
    <ClInclude Include="PurchaseClothingUI.h">
      <Filter>헤더 파일</Filter>
    </ClInclude>
    <ClInclude Include="PurchaseClothing.h">
      <Filter>헤더 파일</Filter>
    </ClInclude>
    <ClInclude Include="ClothingProductData.h">
      <Filter>헤더 파일</Filter>
    </ClInclude>
    <ClInclude Include="RegisterSalesClothingUI.h">
      <Filter>헤더 파일</Filter>
    </ClInclude>
    <ClInclude Include="RegisterSalesClothing.h">
      <Filter>헤더 파일</Filter>
    </ClInclude>
    <ClInclude Include="PrintProductSalesStatisticsUI.h">
      <Filter>헤더 파일</Filter>
    </ClInclude>
    <ClInclude Include="PrintProductSalesStatistics.h">
      <Filter>헤더 파일</Filter>
    </ClInclude>
    <ClInclude Include="InquireSoldOutClothingUI.h">
      <Filter>헤더 파일</Filter>
    </ClInclude>
    <ClInclude Include="InquireSoldOutClothing.h">
      <Filter>헤더 파일</Filter>
    </ClInclude>
    <ClInclude Include="InquireSalesClothingUI.h">
      <Filter>헤더 파일</Filter>
    </ClInclude>
    <ClInclude Include="InquireSalesClothing.h">
      <Filter>헤더 파일</Filter>
    </ClInclude>
    <ClInclude Include="Withdrawal.h">
      <Filter>헤더 파일</Filter>
    </ClInclude>
    <ClInclude Include="WithdrawalUI.h">
      <Filter>헤더 파일</Filter>
    </ClInclude>
  </ItemGroup>
</Project>